{
    "version": 3,
    "terraform_version": "0.11.11",
    "serial": 78,
    "lineage": "6c142410-04fc-e6c5-76bb-fc81bcd0779a",
    "modules": [
        {
            "path": [
                "root"
            ],
            "outputs": {},
            "resources": {
                "aws_key_pair.develop": {
                    "type": "aws_key_pair",
                    "depends_on": [],
                    "primary": {
                        "id": "develop",
                        "attributes": {
                            "fingerprint": "87:c8:c6:38:14:78:dd:d0:58:fe:20:8b:44:31:44:71",
                            "id": "develop",
                            "key_name": "develop",
                            "public_key": "ssh-rsa AAAAB3NzaC1yc2EAAAADAQABAAABAQDGusJQ7Dzj43DZ0hyQqlM2IZgOJoVywBCHPOHmgCT/6AkVfePP/rlm+VGkPJ+9jvjxyFUu7709pMPHWXpll71jiFyA4B+9KOGgkyRLE0G8yGZXHsPEbEtqsPWxUMARa3mpJ1nO52I1C4bRsKGUyoGxCvs5+sxPgP0Gh7XCU6zzvDv/2q+7f+ot9UACaZ757E4Hhf7w20DQWVk42UljEBiHWl78VELzo1RgTOzKKQiJ3ZbQFnAAOwA/dIGOxQ3lad4mTE1JSaaWy/OwqfJDObhSRhzEYviHfWjvRrmIh6ycqYoDVwT+bjsdXa1sh2JF54qS7XQmPifFrWZ5Qj1e9bMp"
                        },
                        "meta": {
                            "schema_version": "1"
                        },
                        "tainted": false
                    },
                    "deposed": [],
                    "provider": "provider.aws"
                },
                "aws_s3_bucket.bucket": {
                    "type": "aws_s3_bucket",
                    "depends_on": [],
                    "primary": {
                        "id": "bitcoin-3876412",
                        "attributes": {
                            "acceleration_status": "",
                            "acl": "private",
                            "arn": "arn:aws:s3:::bitcoin-3876412",
                            "bucket": "bitcoin-3876412",
                            "bucket_domain_name": "bitcoin-3876412.s3.amazonaws.com",
                            "bucket_regional_domain_name": "bitcoin-3876412.s3.eu-central-1.amazonaws.com",
                            "cors_rule.#": "0",
                            "force_destroy": "false",
                            "hosted_zone_id": "Z21DNDUVLTQW6Q",
                            "id": "bitcoin-3876412",
                            "lifecycle_rule.#": "0",
                            "logging.#": "0",
                            "object_lock_configuration.#": "0",
                            "region": "eu-central-1",
                            "replication_configuration.#": "0",
                            "request_payer": "BucketOwner",
                            "server_side_encryption_configuration.#": "0",
                            "tags.%": "2",
                            "tags.Environment": "Dev",
                            "tags.Name": "bitcoindatadir",
                            "versioning.#": "1",
                            "versioning.0.enabled": "false",
                            "versioning.0.mfa_delete": "false",
                            "website.#": "0"
                        },
                        "meta": {},
                        "tainted": false
                    },
                    "deposed": [],
                    "provider": "provider.aws"
                },
                "aws_security_group.ec2bitcoinnode": {
                    "type": "aws_security_group",
                    "depends_on": [],
                    "primary": {
                        "id": "sg-05b5762959c244927",
                        "attributes": {
                            "arn": "arn:aws:ec2:eu-central-1:061342987065:security-group/sg-05b5762959c244927",
                            "description": "Security Group for EC2 isntance of Bitcoinnode",
                            "egress.#": "1",
                            "egress.482069346.cidr_blocks.#": "1",
                            "egress.482069346.cidr_blocks.0": "0.0.0.0/0",
                            "egress.482069346.description": "",
                            "egress.482069346.from_port": "0",
                            "egress.482069346.ipv6_cidr_blocks.#": "0",
                            "egress.482069346.prefix_list_ids.#": "0",
                            "egress.482069346.protocol": "-1",
                            "egress.482069346.security_groups.#": "0",
                            "egress.482069346.self": "false",
                            "egress.482069346.to_port": "0",
                            "id": "sg-05b5762959c244927",
                            "ingress.#": "1",
                            "ingress.2541437006.cidr_blocks.#": "1",
                            "ingress.2541437006.cidr_blocks.0": "0.0.0.0/0",
                            "ingress.2541437006.description": "",
                            "ingress.2541437006.from_port": "22",
                            "ingress.2541437006.ipv6_cidr_blocks.#": "0",
                            "ingress.2541437006.prefix_list_ids.#": "0",
                            "ingress.2541437006.protocol": "tcp",
                            "ingress.2541437006.security_groups.#": "0",
                            "ingress.2541437006.self": "false",
                            "ingress.2541437006.to_port": "22",
                            "name": "ec2bitcoinnode",
                            "owner_id": "061342987065",
                            "revoke_rules_on_delete": "false",
                            "tags.%": "0",
                            "vpc_id": "vpc-1775487c"
                        },
                        "meta": {
                            "e2bfb730-ecaa-11e6-8f88-34363bc7c4c0": {
                                "create": 600000000000,
                                "delete": 600000000000
                            },
                            "schema_version": "1"
                        },
                        "tainted": false
                    },
                    "deposed": [],
                    "provider": "provider.aws"
                }
            },
            "depends_on": []
        }
    ]
}
